# THIS IS AN AUTOGENERATED FILE. DO NOT EDIT THIS FILE DIRECTLY.
# yarn lockfile v1


"@figma/plugin-typings@*":
  version "1.62.0"
  resolved "https://registry.yarnpkg.com/@figma/plugin-typings/-/plugin-typings-1.62.0.tgz#b3d416ce0a8df6c8b611e091b960ab79fbaeaf66"
  integrity sha512-Pv1DZqsuJJbzVsqgCz1fPPxEdQ1o521jbcMw1MDyM9oerw7QltM8TluR5BrGgBi6Zc8zXE6J6ZuUbzz/x7Bh6A==
